github.com/chzyer/logex v1.1.10/go.mod h1:+Ywpsq7O8HXn0nuIou7OrIPyXbp3wmkHB+jjWRnGsAI=
github.com/chzyer/logex v1.2.0 h1:+eqR0HfOetur4tgnC8ftU5imRnhi4te+BadWS95c5AM=
github.com/chzyer/logex v1.2.0/go.mod h1:9+9sk7u7pGNWYMkh0hdiL++6OeibzJccyQU4p4MedaY=
github.com/chzyer/readline v0.0.0-20180603132655-2972be24d48e/go.mod h1:nSuG5e5PlCu98SY8svDHJxuZscDgtXS6KTTbou5AhLI=
github.com/chzyer/readline v1.5.0 h1:lSwwFrbNviGePhkewF1az4oLmcwqCZijQ2/Wi3BGHAI=
github.com/chzyer/readline v1.5.0/go.mod h1:x22KAscuvRqlLoK9CsoYsmxoXZMMFVyOl86cAH8qUic=
github.com/chzyer/test v0.0.0-20180213035817-a1ea475d72b1/go.mod h1:Q3SI9o4m/ZMnBNeIyt5eFwwo7qiLfzFZmjNmxjkiQlU=
github.com/chzyer/test v0.0.0-20210722231415-061457976a23 h1:dZ0/VyGgQdVGAss6Ju0dt5P0QltE0SFY5Woh6hbIfiQ=
github.com/chzyer/test v0.0.0-20210722231415-061457976a23/go.mod h1:Q3SI9o4m/ZMnBNeIyt5eFwwo7qiLfzFZmjNmxjkiQlU=
github.com/gmanninglive/golex v0.0.101 h1:TOLECFE4t1yB1KLrfkLeAv34u97nQgxn5yNd1OG+CxM=
github.com/gmanninglive/golex v0.0.101/go.mod h1:EnHT0ORyFCgTSnvka3Y6Fl/i6Z3WrOFcXTD7YHbVMYY=
github.com/manifoldco/promptui v0.9.0 h1:3V4HzJk1TtXW1MTZMP7mdlwbBpIinw3HztaIlYthEiA=
github.com/manifoldco/promptui v0.9.0/go.mod h1:ka04sppxSGFAtxX0qhlYQjISsg9mR4GWtQEhdbn6Pgg=
golang.org/x/sys v0.0.0-20181122145206-62eef0e2fa9b/go.mod h1:STP8DvDyc/dI5b8T5hshtkjS+E42TnysNCUPdjciGhY=
golang.org/x/sys v0.0.0-20220310020820-b874c991c1a5/go.mod h1:oPkhp1MJrh7nUepCBck5+mAzfO9JrbApNNgaTdGDITg=
golang.org/x/sys v0.0.0-20220520151302-bc2c85ada10a h1:dGzPydgVsqGcTRVwiLJ1jVbufYwmzD3LfVPLKsKg+0k=
golang.org/x/sys v0.0.0-20220520151302-bc2c85ada10a/go.mod h1:oPkhp1MJrh7nUepCBck5+mAzfO9JrbApNNgaTdGDITg=
